
Microsoft Visual Studio Solution File, Format Version 12.00
# Visual Studio Version 17
VisualStudioVersion = 17.9.34728.123
MinimumVisualStudioVersion = 10.0.40219.1
Project("{9A19103F-16F7-4668-BE54-9A1E7A4F7556}") = "TikTok Downloader", "src\TikTok Downloader.csproj", "{33037B65-91C7-4289-ABA1-69D46E402375}"
EndProject
Global
	GlobalSection(SolutionConfigurationPlatforms) = preSolution
		Debug|Any CPU = Debug|Any CPU
		Release|Any CPU = Release|Any CPU
	EndGlobalSection
	GlobalSection(ProjectConfigurationPlatforms) = postSolution
		{33037B65-91C7-4289-ABA1-69D46E402375}.Debug|Any CPU.ActiveCfg = Debug|Any CPU
		{33037B65-91C7-4289-ABA1-69D46E402375}.Debug|Any CPU.Build.0 = Debug|Any CPU
		{33037B65-91C7-4289-ABA1-69D46E402375}.Release|Any CPU.ActiveCfg = Release|Any CPU
		{33037B65-91C7-4289-ABA1-69D46E402375}.Release|Any CPU.Build.0 = Release|Any CPU
	EndGlobalSection
	GlobalSection(SolutionProperties) = preSolution
		HideSolutionNode = FALSE
	EndGlobalSection
	GlobalSection(ExtensibilityGlobals) = postSolution
		SolutionGuid = {03D46152-43EB-4954-9D84-AFDD92349BEA}
	EndGlobalSection
EndGlobal
